
Microsoft Visual Studio Solution File, Format Version 12.00
# Visual Studio 15
Project("{FAE04EC0-301F-11D3-BF4B-00C04F79EFBC}") = "Assembly-CSharp", "Assembly-CSharp.csproj", "{2A747FA4-3693-EA88-3D2F-86B61CD04BA6}"
EndProject
Project("{FAE04EC0-301F-11D3-BF4B-00C04F79EFBC}") = "Assembly-CSharp-firstpass", "Assembly-CSharp-firstpass.csproj", "{595C4704-0037-7CF0-9C85-0B02AF93EBDD}"
EndProject
Project("{FAE04EC0-301F-11D3-BF4B-00C04F79EFBC}") = "Assembly-CSharp-Editor", "Assembly-CSharp-Editor.csproj", "{83A349FA-165A-113C-3D86-060D0A106363}"
EndProject
Global
	GlobalSection(SolutionConfigurationPlatforms) = preSolution
		Debug|Any CPU = Debug|Any CPU
		Release|Any CPU = Release|Any CPU
	EndGlobalSection
	GlobalSection(ProjectConfigurationPlatforms) = postSolution
		{2A747FA4-3693-EA88-3D2F-86B61CD04BA6}.Debug|Any CPU.ActiveCfg = Debug|Any CPU
		{2A747FA4-3693-EA88-3D2F-86B61CD04BA6}.Debug|Any CPU.Build.0 = Debug|Any CPU
		{2A747FA4-3693-EA88-3D2F-86B61CD04BA6}.Release|Any CPU.ActiveCfg = Release|Any CPU
		{2A747FA4-3693-EA88-3D2F-86B61CD04BA6}.Release|Any CPU.Build.0 = Release|Any CPU
		{595C4704-0037-7CF0-9C85-0B02AF93EBDD}.Debug|Any CPU.ActiveCfg = Debug|Any CPU
		{595C4704-0037-7CF0-9C85-0B02AF93EBDD}.Debug|Any CPU.Build.0 = Debug|Any CPU
		{595C4704-0037-7CF0-9C85-0B02AF93EBDD}.Release|Any CPU.ActiveCfg = Release|Any CPU
		{595C4704-0037-7CF0-9C85-0B02AF93EBDD}.Release|Any CPU.Build.0 = Release|Any CPU
		{83A349FA-165A-113C-3D86-060D0A106363}.Debug|Any CPU.ActiveCfg = Debug|Any CPU
		{83A349FA-165A-113C-3D86-060D0A106363}.Debug|Any CPU.Build.0 = Debug|Any CPU
		{83A349FA-165A-113C-3D86-060D0A106363}.Release|Any CPU.ActiveCfg = Release|Any CPU
		{83A349FA-165A-113C-3D86-060D0A106363}.Release|Any CPU.Build.0 = Release|Any CPU
	EndGlobalSection
	GlobalSection(SolutionProperties) = preSolution
		HideSolutionNode = FALSE
	EndGlobalSection
EndGlobal
